
Microsoft Visual Studio Solution File, Format Version 12.00
# Visual Studio Version 16
VisualStudioVersion = 16.0.29411.108
MinimumVisualStudioVersion = 10.0.40219.1
Project("{FAE04EC0-301F-11D3-BF4B-00C04F79EFBC}") = "frmMain", "frmMain\frmMain.csproj", "{C0143F54-DBF2-4DB5-A3C1-A9FE766A8AB9}"
EndProject
Global
	GlobalSection(SolutionConfigurationPlatforms) = preSolution
		Debug|Any CPU = Debug|Any CPU
		Release|Any CPU = Release|Any CPU
	EndGlobalSection
	GlobalSection(ProjectConfigurationPlatforms) = postSolution
		{C0143F54-DBF2-4DB5-A3C1-A9FE766A8AB9}.Debug|Any CPU.ActiveCfg = Debug|Any CPU
		{C0143F54-DBF2-4DB5-A3C1-A9FE766A8AB9}.Debug|Any CPU.Build.0 = Debug|Any CPU
		{C0143F54-DBF2-4DB5-A3C1-A9FE766A8AB9}.Release|Any CPU.ActiveCfg = Release|Any CPU
		{C0143F54-DBF2-4DB5-A3C1-A9FE766A8AB9}.Release|Any CPU.Build.0 = Release|Any CPU
	EndGlobalSection
	GlobalSection(SolutionProperties) = preSolution
		HideSolutionNode = FALSE
	EndGlobalSection
	GlobalSection(ExtensibilityGlobals) = postSolution
		SolutionGuid = {85EEC690-E7D5-45B7-B4DB-4BCAA3FECD57}
	EndGlobalSection
EndGlobal
